github.com/Nigel2392/errors v1.0.0 h1:/mtDxh9jTvrj0kZQiTsDPtgUG6Da1R5gSp/FFfo00CQ=
github.com/Nigel2392/errors v1.0.0/go.mod h1:AV6mIkaeDgEi9vJKMpG9/6ni4fRnSnrqcfXWwjKbGHE=
github.com/pkg/errors v0.9.1 h1:FEBLx1zS214owpjy7qsBeixbURkuhQAwrK5UwLGTwt4=
github.com/pkg/errors v0.9.1/go.mod h1:bwawxfHBFNV+L2hUp1rHADufV3IMtnDRdf1r5NINEl0=
